
Microsoft Visual Studio Solution File, Format Version 12.00
# Visual Studio Version 17
VisualStudioVersion = 17.0.32126.317
MinimumVisualStudioVersion = 10.0.40219.1
Project("{9A19103F-16F7-4668-BE54-9A1E7A4F7556}") = "EditorPerson", "EditorPerson\EditorPerson.csproj", "{764192E2-1B64-4C93-A129-BF9C835D0E62}"
EndProject
Project("{FAE04EC0-301F-11D3-BF4B-00C04F79EFBC}") = "Comands", "Comands\Comands.csproj", "{EEDEAB94-C7BF-4F9D-AB08-F31D5E1895C0}"
EndProject
Global
	GlobalSection(SolutionConfigurationPlatforms) = preSolution
		Debug|Any CPU = Debug|Any CPU
		Release|Any CPU = Release|Any CPU
	EndGlobalSection
	GlobalSection(ProjectConfigurationPlatforms) = postSolution
		{764192E2-1B64-4C93-A129-BF9C835D0E62}.Debug|Any CPU.ActiveCfg = Debug|Any CPU
		{764192E2-1B64-4C93-A129-BF9C835D0E62}.Debug|Any CPU.Build.0 = Debug|Any CPU
		{764192E2-1B64-4C93-A129-BF9C835D0E62}.Release|Any CPU.ActiveCfg = Release|Any CPU
		{764192E2-1B64-4C93-A129-BF9C835D0E62}.Release|Any CPU.Build.0 = Release|Any CPU
		{EEDEAB94-C7BF-4F9D-AB08-F31D5E1895C0}.Debug|Any CPU.ActiveCfg = Debug|Any CPU
		{EEDEAB94-C7BF-4F9D-AB08-F31D5E1895C0}.Debug|Any CPU.Build.0 = Debug|Any CPU
		{EEDEAB94-C7BF-4F9D-AB08-F31D5E1895C0}.Release|Any CPU.ActiveCfg = Release|Any CPU
		{EEDEAB94-C7BF-4F9D-AB08-F31D5E1895C0}.Release|Any CPU.Build.0 = Release|Any CPU
	EndGlobalSection
	GlobalSection(SolutionProperties) = preSolution
		HideSolutionNode = FALSE
	EndGlobalSection
	GlobalSection(ExtensibilityGlobals) = postSolution
		SolutionGuid = {17FC6012-2C61-4EED-ACFD-5EC5DAE1016C}
	EndGlobalSection
EndGlobal
